
Microsoft Visual Studio Solution File, Format Version 12.00
# Visual Studio Version 16
VisualStudioVersion = 16.0.30611.23
MinimumVisualStudioVersion = 10.0.40219.1
Project("{FAE04EC0-301F-11D3-BF4B-00C04F79EFBC}") = "PortfolioBuilder", "PortfolioBuilder\PortfolioBuilder.csproj", "{69DF291C-11B5-4A59-942B-1CAAC887F353}"
EndProject
Global
	GlobalSection(SolutionConfigurationPlatforms) = preSolution
		Debug|Any CPU = Debug|Any CPU
		Release|Any CPU = Release|Any CPU
	EndGlobalSection
	GlobalSection(ProjectConfigurationPlatforms) = postSolution
		{69DF291C-11B5-4A59-942B-1CAAC887F353}.Debug|Any CPU.ActiveCfg = Debug|Any CPU
		{69DF291C-11B5-4A59-942B-1CAAC887F353}.Debug|Any CPU.Build.0 = Debug|Any CPU
		{69DF291C-11B5-4A59-942B-1CAAC887F353}.Release|Any CPU.ActiveCfg = Release|Any CPU
		{69DF291C-11B5-4A59-942B-1CAAC887F353}.Release|Any CPU.Build.0 = Release|Any CPU
	EndGlobalSection
	GlobalSection(SolutionProperties) = preSolution
		HideSolutionNode = FALSE
	EndGlobalSection
	GlobalSection(ExtensibilityGlobals) = postSolution
		SolutionGuid = {99FF15D3-5941-478F-9E98-91504FAB1B87}
	EndGlobalSection
EndGlobal
